
Microsoft Visual Studio Solution File, Format Version 12.00
# Visual Studio 14
VisualStudioVersion = 14.0.25420.1
MinimumVisualStudioVersion = 10.0.40219.1
Project("{FAE04EC0-301F-11D3-BF4B-00C04F79EFBC}") = "MyFirstApp", "MyFirstApp\MyFirstApp.csproj", "{48ECD5E9-777F-425F-9FBA-8CB0B10B380E}"
EndProject
Global
	GlobalSection(SolutionConfigurationPlatforms) = preSolution
		Debug|ARM = Debug|ARM
		Debug|x64 = Debug|x64
		Debug|x86 = Debug|x86
		Release|ARM = Release|ARM
		Release|x64 = Release|x64
		Release|x86 = Release|x86
	EndGlobalSection
	GlobalSection(ProjectConfigurationPlatforms) = postSolution
		{48ECD5E9-777F-425F-9FBA-8CB0B10B380E}.Debug|ARM.ActiveCfg = Debug|ARM
		{48ECD5E9-777F-425F-9FBA-8CB0B10B380E}.Debug|ARM.Build.0 = Debug|ARM
		{48ECD5E9-777F-425F-9FBA-8CB0B10B380E}.Debug|ARM.Deploy.0 = Debug|ARM
		{48ECD5E9-777F-425F-9FBA-8CB0B10B380E}.Debug|x64.ActiveCfg = Debug|x64
		{48ECD5E9-777F-425F-9FBA-8CB0B10B380E}.Debug|x64.Build.0 = Debug|x64
		{48ECD5E9-777F-425F-9FBA-8CB0B10B380E}.Debug|x64.Deploy.0 = Debug|x64
		{48ECD5E9-777F-425F-9FBA-8CB0B10B380E}.Debug|x86.ActiveCfg = Debug|x86
		{48ECD5E9-777F-425F-9FBA-8CB0B10B380E}.Debug|x86.Build.0 = Debug|x86
		{48ECD5E9-777F-425F-9FBA-8CB0B10B380E}.Debug|x86.Deploy.0 = Debug|x86
		{48ECD5E9-777F-425F-9FBA-8CB0B10B380E}.Release|ARM.ActiveCfg = Release|ARM
		{48ECD5E9-777F-425F-9FBA-8CB0B10B380E}.Release|ARM.Build.0 = Release|ARM
		{48ECD5E9-777F-425F-9FBA-8CB0B10B380E}.Release|ARM.Deploy.0 = Release|ARM
		{48ECD5E9-777F-425F-9FBA-8CB0B10B380E}.Release|x64.ActiveCfg = Release|x64
		{48ECD5E9-777F-425F-9FBA-8CB0B10B380E}.Release|x64.Build.0 = Release|x64
		{48ECD5E9-777F-425F-9FBA-8CB0B10B380E}.Release|x64.Deploy.0 = Release|x64
		{48ECD5E9-777F-425F-9FBA-8CB0B10B380E}.Release|x86.ActiveCfg = Release|x86
		{48ECD5E9-777F-425F-9FBA-8CB0B10B380E}.Release|x86.Build.0 = Release|x86
		{48ECD5E9-777F-425F-9FBA-8CB0B10B380E}.Release|x86.Deploy.0 = Release|x86
	EndGlobalSection
	GlobalSection(SolutionProperties) = preSolution
		HideSolutionNode = FALSE
	EndGlobalSection
EndGlobal
